
Microsoft Visual Studio Solution File, Format Version 12.00
# Visual Studio 2013
VisualStudioVersion = 12.0.40121.0
MinimumVisualStudioVersion = 10.0.40219.1
Project("{FAE04EC0-301F-11D3-BF4B-00C04F79EFBC}") = "Inspector", "Inspector\Inspector.csproj", "{AD4C38A3-EABF-4CAE-8C24-829E2DE69A9F}"
EndProject
Project("{2150E333-8FDC-42A3-9474-1A3956D46DE8}") = "misc", "misc", "{9A6E834A-CB5F-477E-BDDB-7F8F13871BFA}"
	ProjectSection(SolutionItems) = preProject
		.external\Fiddler\Fiddler.exe = .external\Fiddler\Fiddler.exe
	EndProjectSection
EndProject
Global
	GlobalSection(SolutionConfigurationPlatforms) = preSolution
		Debug|Any CPU = Debug|Any CPU
		Release|Any CPU = Release|Any CPU
	EndGlobalSection
	GlobalSection(ProjectConfigurationPlatforms) = postSolution
		{AD4C38A3-EABF-4CAE-8C24-829E2DE69A9F}.Debug|Any CPU.ActiveCfg = Debug|Any CPU
		{AD4C38A3-EABF-4CAE-8C24-829E2DE69A9F}.Debug|Any CPU.Build.0 = Debug|Any CPU
		{AD4C38A3-EABF-4CAE-8C24-829E2DE69A9F}.Release|Any CPU.ActiveCfg = Release|Any CPU
		{AD4C38A3-EABF-4CAE-8C24-829E2DE69A9F}.Release|Any CPU.Build.0 = Release|Any CPU
	EndGlobalSection
	GlobalSection(SolutionProperties) = preSolution
		HideSolutionNode = FALSE
	EndGlobalSection
EndGlobal
